{
  "name": "snapdrop",
  "version": "1.0.0",
  "lockfileVersion": 1,
  "requires": true,
  "dependencies": {
    "ua-parser-js": {
      "version": "0.7.23",
      "resolved": "https://registry.npmjs.org/ua-parser-js/-/ua-parser-js-0.7.23.tgz",
      "integrity": "sha512-m4hvMLxgGHXG3O3fQVAyyAQpZzDOvwnhOTjYz5Xmr7r/+LpkNy3vJXdVRWgd1TkAb7NGROZuSy96CrlNVjA7KA=="
    },
    "unique-names-generator": {
      "version": "4.3.1",
      "resolved": "https://registry.npmjs.org/unique-names-generator/-/unique-names-generator-4.3.1.tgz",
      "integrity": "sha512-oxkKrDXbwx6I5M963SdfmMH2t8n1OIfYyzoJ25BmDeETlyWAZjTbMXwIEMiQDex4lkD2pqe+9gxDJQAB2IOfDg=="
    },
    "ws": {
      "version": "7.4.2",
      "resolved": "https://registry.npmjs.org/ws/-/ws-7.4.2.tgz",
      "integrity": "sha512-T4tewALS3+qsrpGI/8dqNMLIVdq/g/85U98HPMa6F0m6xTbvhXU6RCQLqPH3+SlomNV/LdY6RXEbBpMH6EOJnA=="
    }
  }
}
